
Microsoft Visual Studio Solution File, Format Version 12.00
# Visual Studio Version 17
VisualStudioVersion = 17.3.32929.385
MinimumVisualStudioVersion = 10.0.40219.1
Project("{9A19103F-16F7-4668-BE54-9A1E7A4F7556}") = "GameApp", "GameApp\GameApp.csproj", "{C3DF42B3-58E3-478D-92B6-4FA37FC0805C}"
EndProject
Project("{FAE04EC0-301F-11D3-BF4B-00C04F79EFBC}") = "ControllersTests", "ControllersTests\ControllersTests.csproj", "{099945BD-0B78-4B3B-A08C-4975CEBEC599}"
EndProject
Global
	GlobalSection(SolutionConfigurationPlatforms) = preSolution
		Debug|Any CPU = Debug|Any CPU
		Release|Any CPU = Release|Any CPU
	EndGlobalSection
	GlobalSection(ProjectConfigurationPlatforms) = postSolution
		{C3DF42B3-58E3-478D-92B6-4FA37FC0805C}.Debug|Any CPU.ActiveCfg = Debug|Any CPU
		{C3DF42B3-58E3-478D-92B6-4FA37FC0805C}.Debug|Any CPU.Build.0 = Debug|Any CPU
		{C3DF42B3-58E3-478D-92B6-4FA37FC0805C}.Release|Any CPU.ActiveCfg = Release|Any CPU
		{C3DF42B3-58E3-478D-92B6-4FA37FC0805C}.Release|Any CPU.Build.0 = Release|Any CPU
		{099945BD-0B78-4B3B-A08C-4975CEBEC599}.Debug|Any CPU.ActiveCfg = Debug|Any CPU
		{099945BD-0B78-4B3B-A08C-4975CEBEC599}.Debug|Any CPU.Build.0 = Debug|Any CPU
		{099945BD-0B78-4B3B-A08C-4975CEBEC599}.Release|Any CPU.ActiveCfg = Release|Any CPU
		{099945BD-0B78-4B3B-A08C-4975CEBEC599}.Release|Any CPU.Build.0 = Release|Any CPU
	EndGlobalSection
	GlobalSection(SolutionProperties) = preSolution
		HideSolutionNode = FALSE
	EndGlobalSection
	GlobalSection(ExtensibilityGlobals) = postSolution
		SolutionGuid = {33EE68C0-7494-40A4-BCC1-F35BB995E6F2}
	EndGlobalSection
EndGlobal
